# auto-generated by grc.converter

id: pcap_write
label: Pcap Write
category: '[pcap]'

parameters:
-   id: f
    label: Filename
    dtype: string
    default: /tmp/gnuradio.pcap
-   id: append
    label: Append or Overwrite File
    dtype: enum
    default: 'True'
    options: ['True', 'False']
    option_labels: [Append, Overwrite]

inputs:
-   domain: message
    id: pdus
    optional: true

templates:
    imports: import gnuradio.pcap as pcap
    make: pcap.pcap_write(${f}, ${append})

documentation: |-
    This program provides a way to write GNU Radio message ports to a pcap file to assist in debugging wireless communications links

file_format: 1
